
Microsoft Visual Studio Solution File, Format Version 12.00
# Visual Studio 15
VisualStudioVersion = 15.0.28010.2048
MinimumVisualStudioVersion = 10.0.40219.1
Project("{FAE04EC0-301F-11D3-BF4B-00C04F79EFBC}") = "hello", "hello\hello.csproj", "{C857C4C7-C549-4D30-A330-15A6BE793535}"
EndProject
Project("{FAE04EC0-301F-11D3-BF4B-00C04F79EFBC}") = "Student_Diary", "Student_Diary\Student_Diary.csproj", "{20DF41C4-CCCC-458B-8831-D8C8E6564862}"
EndProject
Global
	GlobalSection(SolutionConfigurationPlatforms) = preSolution
		Debug|Any CPU = Debug|Any CPU
		Release|Any CPU = Release|Any CPU
	EndGlobalSection
	GlobalSection(ProjectConfigurationPlatforms) = postSolution
		{C857C4C7-C549-4D30-A330-15A6BE793535}.Debug|Any CPU.ActiveCfg = Debug|Any CPU
		{C857C4C7-C549-4D30-A330-15A6BE793535}.Debug|Any CPU.Build.0 = Debug|Any CPU
		{C857C4C7-C549-4D30-A330-15A6BE793535}.Release|Any CPU.ActiveCfg = Release|Any CPU
		{C857C4C7-C549-4D30-A330-15A6BE793535}.Release|Any CPU.Build.0 = Release|Any CPU
		{20DF41C4-CCCC-458B-8831-D8C8E6564862}.Debug|Any CPU.ActiveCfg = Debug|Any CPU
		{20DF41C4-CCCC-458B-8831-D8C8E6564862}.Debug|Any CPU.Build.0 = Debug|Any CPU
		{20DF41C4-CCCC-458B-8831-D8C8E6564862}.Release|Any CPU.ActiveCfg = Release|Any CPU
		{20DF41C4-CCCC-458B-8831-D8C8E6564862}.Release|Any CPU.Build.0 = Release|Any CPU
	EndGlobalSection
	GlobalSection(SolutionProperties) = preSolution
		HideSolutionNode = FALSE
	EndGlobalSection
	GlobalSection(ExtensibilityGlobals) = postSolution
		SolutionGuid = {2D0F5AC1-DD19-4DB7-985E-C5CEAE0CA122}
	EndGlobalSection
EndGlobal
