
Microsoft Visual Studio Solution File, Format Version 12.00
# Visual Studio 15
VisualStudioVersion = 15.0.28010.2048
MinimumVisualStudioVersion = 10.0.40219.1
Project("{9A19103F-16F7-4668-BE54-9A1E7A4F7556}") = "hello", "hello\hello.csproj", "{C857C4C7-C549-4D30-A330-15A6BE793535}"
EndProject
Project("{9A19103F-16F7-4668-BE54-9A1E7A4F7556}") = "Student_Diary", "Student_Diary\Student_Diary.csproj", "{20DF41C4-CCCC-458B-8831-D8C8E6564862}"
EndProject
Project("{9A19103F-16F7-4668-BE54-9A1E7A4F7556}") = "Constructors__1", "Constructors__1\Constructors__1.csproj", "{D3C67056-D2DF-417D-898F-18D3B6DDB439}"
EndProject
Project("{9A19103F-16F7-4668-BE54-9A1E7A4F7556}") = "Part_10", "Part_10\Part_10.csproj", "{5E3A4669-94AD-42F4-968A-D29B7F683A36}"
EndProject
Project("{FAE04EC0-301F-11D3-BF4B-00C04F79EFBC}") = "MathMethods", "MathMethods\MathMethods.csproj", "{6BF27734-DA01-4764-829D-17029101094A}"
EndProject
Global
	GlobalSection(SolutionConfigurationPlatforms) = preSolution
		Debug|Any CPU = Debug|Any CPU
		Release|Any CPU = Release|Any CPU
	EndGlobalSection
	GlobalSection(ProjectConfigurationPlatforms) = postSolution
		{C857C4C7-C549-4D30-A330-15A6BE793535}.Debug|Any CPU.ActiveCfg = Debug|Any CPU
		{C857C4C7-C549-4D30-A330-15A6BE793535}.Debug|Any CPU.Build.0 = Debug|Any CPU
		{C857C4C7-C549-4D30-A330-15A6BE793535}.Release|Any CPU.ActiveCfg = Release|Any CPU
		{C857C4C7-C549-4D30-A330-15A6BE793535}.Release|Any CPU.Build.0 = Release|Any CPU
		{20DF41C4-CCCC-458B-8831-D8C8E6564862}.Debug|Any CPU.ActiveCfg = Debug|Any CPU
		{20DF41C4-CCCC-458B-8831-D8C8E6564862}.Debug|Any CPU.Build.0 = Debug|Any CPU
		{20DF41C4-CCCC-458B-8831-D8C8E6564862}.Release|Any CPU.ActiveCfg = Release|Any CPU
		{20DF41C4-CCCC-458B-8831-D8C8E6564862}.Release|Any CPU.Build.0 = Release|Any CPU
		{D3C67056-D2DF-417D-898F-18D3B6DDB439}.Debug|Any CPU.ActiveCfg = Debug|Any CPU
		{D3C67056-D2DF-417D-898F-18D3B6DDB439}.Debug|Any CPU.Build.0 = Debug|Any CPU
		{D3C67056-D2DF-417D-898F-18D3B6DDB439}.Release|Any CPU.ActiveCfg = Release|Any CPU
		{D3C67056-D2DF-417D-898F-18D3B6DDB439}.Release|Any CPU.Build.0 = Release|Any CPU
		{5E3A4669-94AD-42F4-968A-D29B7F683A36}.Debug|Any CPU.ActiveCfg = Debug|Any CPU
		{5E3A4669-94AD-42F4-968A-D29B7F683A36}.Debug|Any CPU.Build.0 = Debug|Any CPU
		{5E3A4669-94AD-42F4-968A-D29B7F683A36}.Release|Any CPU.ActiveCfg = Release|Any CPU
		{5E3A4669-94AD-42F4-968A-D29B7F683A36}.Release|Any CPU.Build.0 = Release|Any CPU
		{6BF27734-DA01-4764-829D-17029101094A}.Debug|Any CPU.ActiveCfg = Debug|Any CPU
		{6BF27734-DA01-4764-829D-17029101094A}.Debug|Any CPU.Build.0 = Debug|Any CPU
		{6BF27734-DA01-4764-829D-17029101094A}.Release|Any CPU.ActiveCfg = Release|Any CPU
		{6BF27734-DA01-4764-829D-17029101094A}.Release|Any CPU.Build.0 = Release|Any CPU
	EndGlobalSection
	GlobalSection(SolutionProperties) = preSolution
		HideSolutionNode = FALSE
	EndGlobalSection
	GlobalSection(ExtensibilityGlobals) = postSolution
		SolutionGuid = {2D0F5AC1-DD19-4DB7-985E-C5CEAE0CA122}
	EndGlobalSection
EndGlobal
